
Microsoft Visual Studio Solution File, Format Version 12.00
# Visual Studio Version 16
VisualStudioVersion = 16.0.30104.148
MinimumVisualStudioVersion = 10.0.40219.1
Project("{9A19103F-16F7-4668-BE54-9A1E7A4F7556}") = "BancosBrasileiros.MergeTool", "BancosBrasileiros.MergeTool\BancosBrasileiros.MergeTool.csproj", "{33DCF75B-0EC6-4B88-8E3E-A863970FDEE5}"
EndProject
Project("{2150E333-8FDC-42A3-9474-1A3956D46DE8}") = "Solution Items", "Solution Items", "{8D4E9F1C-62D7-47AD-9367-FFCA68469BC3}"
	ProjectSection(SolutionItems) = preProject
		.editorconfig = .editorconfig
	EndProjectSection
EndProject
Global
	GlobalSection(SolutionConfigurationPlatforms) = preSolution
		Debug|Any CPU = Debug|Any CPU
		Release|Any CPU = Release|Any CPU
	EndGlobalSection
	GlobalSection(ProjectConfigurationPlatforms) = postSolution
		{33DCF75B-0EC6-4B88-8E3E-A863970FDEE5}.Debug|Any CPU.ActiveCfg = Debug|Any CPU
		{33DCF75B-0EC6-4B88-8E3E-A863970FDEE5}.Debug|Any CPU.Build.0 = Debug|Any CPU
		{33DCF75B-0EC6-4B88-8E3E-A863970FDEE5}.Release|Any CPU.ActiveCfg = Release|Any CPU
		{33DCF75B-0EC6-4B88-8E3E-A863970FDEE5}.Release|Any CPU.Build.0 = Release|Any CPU
	EndGlobalSection
	GlobalSection(SolutionProperties) = preSolution
		HideSolutionNode = FALSE
	EndGlobalSection
	GlobalSection(ExtensibilityGlobals) = postSolution
		SolutionGuid = {A7DD2CFE-DF13-4A43-B4D2-4A6C7EDBFE0F}
	EndGlobalSection
EndGlobal
