{
  "name": "bancos-brasileiros",
  "version": "5.0.0",
  "lockfileVersion": 3,
  "requires": true,
  "packages": {
    "": {
      "name": "bancos-brasileiros",
      "version": "5.0.0",
      "license": "UNLICENSED",
      "dependencies": {
        "lychee": "^0.2.12"
      }
    },
    "node_modules/async": {
      "version": "0.1.22",
      "resolved": "https://registry.npmjs.org/async/-/async-0.1.22.tgz",
      "integrity": "sha512-2tEzliJmf5fHNafNwQLJXUasGzQCVctvsNkXmnlELHwypU0p08/rHohYvkqKIjyXpx+0rkrYv6QbhJ+UF4QkBg==",
      "engines": {
        "node": "*"
      }
    },
    "node_modules/buffalo": {
      "version": "0.1.3",
      "resolved": "https://registry.npmjs.org/buffalo/-/buffalo-0.1.3.tgz",
      "integrity": "sha512-LCN4KZKQ9tSTg2IMfq5Rrl8g3Vsx3D7X/iBhFjboUvwY0mgnngi/GkU9P7fQzkq0obFcTv4YHwgXyxGmfTIRzQ==",
      "dependencies": {
        "tosource": "0.1.1"
      },
      "engines": {
        "node": ">=0.4.0"
      }
    },
    "node_modules/generic-pool": {
      "version": "1.0.12",
      "resolved": "https://registry.npmjs.org/generic-pool/-/generic-pool-1.0.12.tgz",
      "integrity": "sha512-/FreBY2vliRCKXE+avFbi9pDEQFLPF1jqMM9EMHN7EgqrEUNYw8FOv26JJG3Sfw7THq3Kvk000PxkzjvAl510A==",
      "engines": {
        "node": ">= 0.2.0"
      }
    },
    "node_modules/juicy": {
      "version": "0.2.5",
      "resolved": "https://registry.npmjs.org/juicy/-/juicy-0.2.5.tgz",
      "integrity": "sha512-mXr84tI+pKwMAnseKmSpPMVZ2KjkViPKo2i5eu5XQAacEXQrv80F1aIEecSZyQW2Ff1dPVsSNGPc1lEkVM/9Yg==",
      "deprecated": "This package is no longer maintained",
      "license": "MIT"
    },
    "node_modules/lychee": {
      "version": "0.2.12",
      "resolved": "https://registry.npmjs.org/lychee/-/lychee-0.2.12.tgz",
      "integrity": "sha512-PdBo9+0mGIF7zSq/eY/h/7EIZIaFZI4AF9sHkz2sMjtTzpBoSc1jmrfgaXlzqqAFe4kwKcBo9CuytvehDOGuQw==",
      "dependencies": {
        "async": "0.1.22",
        "juicy": "0.2.5",
        "mongolian": "0.1.18",
        "pg": "0.8.3",
        "request": "2.9.203",
        "sanitizer": "0.0.15"
      }
    },
    "node_modules/mongolian": {
      "version": "0.1.18",
      "resolved": "https://registry.npmjs.org/mongolian/-/mongolian-0.1.18.tgz",
      "integrity": "sha512-gtEjtn5FfyKBslW0VjHf+hGqKU50NsGhDt4trPYfxlu3OqnWNSFkE0yJrTkwSaP1louLotFoWzKwUfOT9rOQ2w==",
      "dependencies": {
        "buffalo": "0.1.3",
        "taxman": "0.1.1",
        "waiter": "0.1.1"
      },
      "engines": {
        "node": ">=0.4.0"
      }
    },
    "node_modules/pg": {
      "version": "0.8.3",
      "resolved": "https://registry.npmjs.org/pg/-/pg-0.8.3.tgz",
      "integrity": "sha512-ablcQJGJmIx4y2muZSiyrPo1TyIFVGgz1smR8TyoVsdl1JU/g3+2aOAYJ0YQm+HRXBvHaSbG1y6fpBDSDtVxBA==",
      "hasInstallScript": true,
      "dependencies": {
        "generic-pool": "1.0.12"
      },
      "engines": {
        "node": ">= 0.8.0"
      }
    },
    "node_modules/request": {
      "version": "2.9.203",
      "resolved": "https://registry.npmjs.org/request/-/request-2.9.203.tgz",
      "integrity": "sha512-OWtna9w7yRI/gcfu3VaURgIwE1FHgbz5+fHGQ9GJTHcJ4+uvHnDjXd+N7mVDOv5+1fp1CRPzUSY2wcM345Z2Fw==",
      "deprecated": "request has been deprecated, see https://github.com/request/request/issues/3142",
      "engines": [
        "node >= 0.3.6"
      ]
    },
    "node_modules/sanitizer": {
      "version": "0.0.15",
      "resolved": "https://registry.npmjs.org/sanitizer/-/sanitizer-0.0.15.tgz",
      "integrity": "sha512-czIh3bPhxzhBUQsbJXMnvPClvh+tQTnY1bkQlHq1nUKyuCjcs/m6zG/gKU3CXet+xhS5vWKWkfZyCmL9/WFFKQ==",
      "engines": {
        "node": "*"
      }
    },
    "node_modules/taxman": {
      "version": "0.1.1",
      "resolved": "https://registry.npmjs.org/taxman/-/taxman-0.1.1.tgz",
      "integrity": "sha512-woTa2sNzlGapMORbp1PDDeyMl6/2RudPV1z7Wtdx7nzI+FzEawi84yPGzrq57nrkA/kEpWVJZ9K6sXQ9TIhNNg==",
      "engines": {
        "node": ">=0.4.0"
      }
    },
    "node_modules/tosource": {
      "version": "0.1.1",
      "resolved": "https://registry.npmjs.org/tosource/-/tosource-0.1.1.tgz",
      "integrity": "sha512-hTnpPZBZP4DggtRpIAxQi74N4z5vs+Yx3Wcj2CNWLAKPRidZbLN2y5bPn1NI5EoojGzQ1btLzaj7poqsiRsmQA==",
      "engines": {
        "node": ">=0.4.0"
      }
    },
    "node_modules/waiter": {
      "version": "0.1.1",
      "resolved": "https://registry.npmjs.org/waiter/-/waiter-0.1.1.tgz",
      "integrity": "sha512-OWMX6RloKF1S0uwF/czC08ZFTcksNFRSGeLu3mt7LhQ0daOvnJaKDtgGSULUvuFNfGe093VE9rRGbCo+ceyS+g==",
      "engines": {
        "node": ">=0.4.0"
      }
    }
  }
}
